
Microsoft Visual Studio Solution File, Format Version 12.00
# Visual Studio Version 16
VisualStudioVersion = 16.0.31321.278
MinimumVisualStudioVersion = 10.0.40219.1
Project("{FAE04EC0-301F-11D3-BF4B-00C04F79EFBC}") = "Petgram", "Petgram\Petgram.csproj", "{B8CC95E9-4013-4462-A18E-FF0D75D42608}"
EndProject
Global
	GlobalSection(SolutionConfigurationPlatforms) = preSolution
		Debug|Any CPU = Debug|Any CPU
		Release|Any CPU = Release|Any CPU
	EndGlobalSection
	GlobalSection(ProjectConfigurationPlatforms) = postSolution
		{B8CC95E9-4013-4462-A18E-FF0D75D42608}.Debug|Any CPU.ActiveCfg = Debug|Any CPU
		{B8CC95E9-4013-4462-A18E-FF0D75D42608}.Debug|Any CPU.Build.0 = Debug|Any CPU
		{B8CC95E9-4013-4462-A18E-FF0D75D42608}.Release|Any CPU.ActiveCfg = Release|Any CPU
		{B8CC95E9-4013-4462-A18E-FF0D75D42608}.Release|Any CPU.Build.0 = Release|Any CPU
	EndGlobalSection
	GlobalSection(SolutionProperties) = preSolution
		HideSolutionNode = FALSE
	EndGlobalSection
	GlobalSection(ExtensibilityGlobals) = postSolution
		SolutionGuid = {667AA7FA-6698-4B49-82F4-9D93829BB02D}
	EndGlobalSection
EndGlobal
